
Microsoft Visual Studio Solution File, Format Version 12.00
# Visual Studio Version 16
VisualStudioVersion = 16.0.31112.23
MinimumVisualStudioVersion = 10.0.40219.1
Project("{FAE04EC0-301F-11D3-BF4B-00C04F79EFBC}") = "Projeto24", "Projeto24\Projeto24.csproj", "{AAAB17F2-84C2-4E0D-B785-3AEDAC94A8D7}"
EndProject
Global
	GlobalSection(SolutionConfigurationPlatforms) = preSolution
		Debug|Any CPU = Debug|Any CPU
		Release|Any CPU = Release|Any CPU
	EndGlobalSection
	GlobalSection(ProjectConfigurationPlatforms) = postSolution
		{AAAB17F2-84C2-4E0D-B785-3AEDAC94A8D7}.Debug|Any CPU.ActiveCfg = Debug|Any CPU
		{AAAB17F2-84C2-4E0D-B785-3AEDAC94A8D7}.Debug|Any CPU.Build.0 = Debug|Any CPU
		{AAAB17F2-84C2-4E0D-B785-3AEDAC94A8D7}.Release|Any CPU.ActiveCfg = Release|Any CPU
		{AAAB17F2-84C2-4E0D-B785-3AEDAC94A8D7}.Release|Any CPU.Build.0 = Release|Any CPU
	EndGlobalSection
	GlobalSection(SolutionProperties) = preSolution
		HideSolutionNode = FALSE
	EndGlobalSection
	GlobalSection(ExtensibilityGlobals) = postSolution
		SolutionGuid = {0ADE07D7-68CC-4857-8C10-30E44A6B5AD7}
	EndGlobalSection
EndGlobal
