
Microsoft Visual Studio Solution File, Format Version 12.00
# Visual Studio Version 16
VisualStudioVersion = 16.0.31112.23
MinimumVisualStudioVersion = 10.0.40219.1
Project("{FAE04EC0-301F-11D3-BF4B-00C04F79EFBC}") = "Projeto45", "Projeto45\Projeto45.csproj", "{1F217AD3-4AA0-407A-8DAE-8CE3F8BAC0EB}"
EndProject
Global
	GlobalSection(SolutionConfigurationPlatforms) = preSolution
		Debug|Any CPU = Debug|Any CPU
		Release|Any CPU = Release|Any CPU
	EndGlobalSection
	GlobalSection(ProjectConfigurationPlatforms) = postSolution
		{1F217AD3-4AA0-407A-8DAE-8CE3F8BAC0EB}.Debug|Any CPU.ActiveCfg = Debug|Any CPU
		{1F217AD3-4AA0-407A-8DAE-8CE3F8BAC0EB}.Debug|Any CPU.Build.0 = Debug|Any CPU
		{1F217AD3-4AA0-407A-8DAE-8CE3F8BAC0EB}.Release|Any CPU.ActiveCfg = Release|Any CPU
		{1F217AD3-4AA0-407A-8DAE-8CE3F8BAC0EB}.Release|Any CPU.Build.0 = Release|Any CPU
	EndGlobalSection
	GlobalSection(SolutionProperties) = preSolution
		HideSolutionNode = FALSE
	EndGlobalSection
	GlobalSection(ExtensibilityGlobals) = postSolution
		SolutionGuid = {17C61A06-BF88-4D7D-A5BB-00513CEACDBC}
	EndGlobalSection
EndGlobal
