
Microsoft Visual Studio Solution File, Format Version 12.00
# Visual Studio Version 16
VisualStudioVersion = 16.0.31112.23
MinimumVisualStudioVersion = 10.0.40219.1
Project("{FAE04EC0-301F-11D3-BF4B-00C04F79EFBC}") = "Projeto41", "Projeto41\Projeto41.csproj", "{C1100F1E-893F-41E8-A32A-120176B8AC71}"
EndProject
Global
	GlobalSection(SolutionConfigurationPlatforms) = preSolution
		Debug|Any CPU = Debug|Any CPU
		Release|Any CPU = Release|Any CPU
	EndGlobalSection
	GlobalSection(ProjectConfigurationPlatforms) = postSolution
		{C1100F1E-893F-41E8-A32A-120176B8AC71}.Debug|Any CPU.ActiveCfg = Debug|Any CPU
		{C1100F1E-893F-41E8-A32A-120176B8AC71}.Debug|Any CPU.Build.0 = Debug|Any CPU
		{C1100F1E-893F-41E8-A32A-120176B8AC71}.Release|Any CPU.ActiveCfg = Release|Any CPU
		{C1100F1E-893F-41E8-A32A-120176B8AC71}.Release|Any CPU.Build.0 = Release|Any CPU
	EndGlobalSection
	GlobalSection(SolutionProperties) = preSolution
		HideSolutionNode = FALSE
	EndGlobalSection
	GlobalSection(ExtensibilityGlobals) = postSolution
		SolutionGuid = {F4ACC80B-C34A-40F6-A816-FFDAF07BA66F}
	EndGlobalSection
EndGlobal
