
Microsoft Visual Studio Solution File, Format Version 12.00
# Visual Studio Version 16
VisualStudioVersion = 16.0.31112.23
MinimumVisualStudioVersion = 10.0.40219.1
Project("{FAE04EC0-301F-11D3-BF4B-00C04F79EFBC}") = "Projeto17", "Projeto17\Projeto17.csproj", "{9364FEF9-8DD9-4A64-B180-97F49528CD7D}"
EndProject
Global
	GlobalSection(SolutionConfigurationPlatforms) = preSolution
		Debug|Any CPU = Debug|Any CPU
		Release|Any CPU = Release|Any CPU
	EndGlobalSection
	GlobalSection(ProjectConfigurationPlatforms) = postSolution
		{9364FEF9-8DD9-4A64-B180-97F49528CD7D}.Debug|Any CPU.ActiveCfg = Debug|Any CPU
		{9364FEF9-8DD9-4A64-B180-97F49528CD7D}.Debug|Any CPU.Build.0 = Debug|Any CPU
		{9364FEF9-8DD9-4A64-B180-97F49528CD7D}.Release|Any CPU.ActiveCfg = Release|Any CPU
		{9364FEF9-8DD9-4A64-B180-97F49528CD7D}.Release|Any CPU.Build.0 = Release|Any CPU
	EndGlobalSection
	GlobalSection(SolutionProperties) = preSolution
		HideSolutionNode = FALSE
	EndGlobalSection
	GlobalSection(ExtensibilityGlobals) = postSolution
		SolutionGuid = {6B41CDE1-50B9-4631-BEC2-B82E5C27483D}
	EndGlobalSection
EndGlobal
