
Microsoft Visual Studio Solution File, Format Version 12.00
# Visual Studio Version 16
VisualStudioVersion = 16.0.31112.23
MinimumVisualStudioVersion = 10.0.40219.1
Project("{FAE04EC0-301F-11D3-BF4B-00C04F79EFBC}") = "Projeto38", "Projeto38\Projeto38.csproj", "{66B1332D-693E-4765-A299-D40F0FD4944C}"
EndProject
Global
	GlobalSection(SolutionConfigurationPlatforms) = preSolution
		Debug|Any CPU = Debug|Any CPU
		Release|Any CPU = Release|Any CPU
	EndGlobalSection
	GlobalSection(ProjectConfigurationPlatforms) = postSolution
		{66B1332D-693E-4765-A299-D40F0FD4944C}.Debug|Any CPU.ActiveCfg = Debug|Any CPU
		{66B1332D-693E-4765-A299-D40F0FD4944C}.Debug|Any CPU.Build.0 = Debug|Any CPU
		{66B1332D-693E-4765-A299-D40F0FD4944C}.Release|Any CPU.ActiveCfg = Release|Any CPU
		{66B1332D-693E-4765-A299-D40F0FD4944C}.Release|Any CPU.Build.0 = Release|Any CPU
	EndGlobalSection
	GlobalSection(SolutionProperties) = preSolution
		HideSolutionNode = FALSE
	EndGlobalSection
	GlobalSection(ExtensibilityGlobals) = postSolution
		SolutionGuid = {4070D13F-CBE0-42FE-B4E4-13DD156608EA}
	EndGlobalSection
EndGlobal
