
Microsoft Visual Studio Solution File, Format Version 12.00
# Visual Studio Version 16
VisualStudioVersion = 16.0.31112.23
MinimumVisualStudioVersion = 10.0.40219.1
Project("{9A19103F-16F7-4668-BE54-9A1E7A4F7556}") = "Primeiro", "Primeiro.csproj", "{D4AFB627-3148-465D-BBC5-1F76DBF851AC}"
EndProject
Project("{9A19103F-16F7-4668-BE54-9A1E7A4F7556}") = "Projeto2", "..\Projeto2\Projeto2.csproj", "{D3FE11AB-769B-4814-A084-DFAD3DAB93A9}"
EndProject
Global
	GlobalSection(SolutionConfigurationPlatforms) = preSolution
		Debug|Any CPU = Debug|Any CPU
		Release|Any CPU = Release|Any CPU
	EndGlobalSection
	GlobalSection(ProjectConfigurationPlatforms) = postSolution
		{D4AFB627-3148-465D-BBC5-1F76DBF851AC}.Debug|Any CPU.ActiveCfg = Debug|Any CPU
		{D4AFB627-3148-465D-BBC5-1F76DBF851AC}.Debug|Any CPU.Build.0 = Debug|Any CPU
		{D4AFB627-3148-465D-BBC5-1F76DBF851AC}.Release|Any CPU.ActiveCfg = Release|Any CPU
		{D4AFB627-3148-465D-BBC5-1F76DBF851AC}.Release|Any CPU.Build.0 = Release|Any CPU
		{D3FE11AB-769B-4814-A084-DFAD3DAB93A9}.Debug|Any CPU.ActiveCfg = Debug|Any CPU
		{D3FE11AB-769B-4814-A084-DFAD3DAB93A9}.Debug|Any CPU.Build.0 = Debug|Any CPU
		{D3FE11AB-769B-4814-A084-DFAD3DAB93A9}.Release|Any CPU.ActiveCfg = Release|Any CPU
		{D3FE11AB-769B-4814-A084-DFAD3DAB93A9}.Release|Any CPU.Build.0 = Release|Any CPU
	EndGlobalSection
	GlobalSection(SolutionProperties) = preSolution
		HideSolutionNode = FALSE
	EndGlobalSection
	GlobalSection(ExtensibilityGlobals) = postSolution
		SolutionGuid = {9D27A8D1-697B-4C0A-BA7E-BEE73DDF1F41}
	EndGlobalSection
EndGlobal
