
Microsoft Visual Studio Solution File, Format Version 12.00
# Visual Studio Version 16
VisualStudioVersion = 16.0.31112.23
MinimumVisualStudioVersion = 10.0.40219.1
Project("{FAE04EC0-301F-11D3-BF4B-00C04F79EFBC}") = "Projeto36", "Projeto36\Projeto36.csproj", "{0386EBBE-2FE6-4647-A749-EC271413B65B}"
EndProject
Global
	GlobalSection(SolutionConfigurationPlatforms) = preSolution
		Debug|Any CPU = Debug|Any CPU
		Release|Any CPU = Release|Any CPU
	EndGlobalSection
	GlobalSection(ProjectConfigurationPlatforms) = postSolution
		{0386EBBE-2FE6-4647-A749-EC271413B65B}.Debug|Any CPU.ActiveCfg = Debug|Any CPU
		{0386EBBE-2FE6-4647-A749-EC271413B65B}.Debug|Any CPU.Build.0 = Debug|Any CPU
		{0386EBBE-2FE6-4647-A749-EC271413B65B}.Release|Any CPU.ActiveCfg = Release|Any CPU
		{0386EBBE-2FE6-4647-A749-EC271413B65B}.Release|Any CPU.Build.0 = Release|Any CPU
	EndGlobalSection
	GlobalSection(SolutionProperties) = preSolution
		HideSolutionNode = FALSE
	EndGlobalSection
	GlobalSection(ExtensibilityGlobals) = postSolution
		SolutionGuid = {0DF7564A-CED7-4297-9331-EEE894A0BCC8}
	EndGlobalSection
EndGlobal
