
Microsoft Visual Studio Solution File, Format Version 12.00
# Visual Studio Version 16
VisualStudioVersion = 16.0.31112.23
MinimumVisualStudioVersion = 10.0.40219.1
Project("{FAE04EC0-301F-11D3-BF4B-00C04F79EFBC}") = "Projeto61", "Projeto61\Projeto61.csproj", "{73DEC527-AA89-4381-A747-61E7ECAB04DA}"
EndProject
Global
	GlobalSection(SolutionConfigurationPlatforms) = preSolution
		Debug|Any CPU = Debug|Any CPU
		Release|Any CPU = Release|Any CPU
	EndGlobalSection
	GlobalSection(ProjectConfigurationPlatforms) = postSolution
		{73DEC527-AA89-4381-A747-61E7ECAB04DA}.Debug|Any CPU.ActiveCfg = Debug|Any CPU
		{73DEC527-AA89-4381-A747-61E7ECAB04DA}.Debug|Any CPU.Build.0 = Debug|Any CPU
		{73DEC527-AA89-4381-A747-61E7ECAB04DA}.Release|Any CPU.ActiveCfg = Release|Any CPU
		{73DEC527-AA89-4381-A747-61E7ECAB04DA}.Release|Any CPU.Build.0 = Release|Any CPU
	EndGlobalSection
	GlobalSection(SolutionProperties) = preSolution
		HideSolutionNode = FALSE
	EndGlobalSection
	GlobalSection(ExtensibilityGlobals) = postSolution
		SolutionGuid = {A15DA143-08DF-4CB6-B8C6-2FE1D1A03196}
	EndGlobalSection
EndGlobal
