
Microsoft Visual Studio Solution File, Format Version 12.00
# Visual Studio Version 16
VisualStudioVersion = 16.0.31112.23
MinimumVisualStudioVersion = 10.0.40219.1
Project("{FAE04EC0-301F-11D3-BF4B-00C04F79EFBC}") = "Projeto3", "Projeto3\Projeto3.csproj", "{CC46F953-FB03-4EEF-A02B-84EE0A0B1510}"
EndProject
Global
	GlobalSection(SolutionConfigurationPlatforms) = preSolution
		Debug|Any CPU = Debug|Any CPU
		Release|Any CPU = Release|Any CPU
	EndGlobalSection
	GlobalSection(ProjectConfigurationPlatforms) = postSolution
		{CC46F953-FB03-4EEF-A02B-84EE0A0B1510}.Debug|Any CPU.ActiveCfg = Debug|Any CPU
		{CC46F953-FB03-4EEF-A02B-84EE0A0B1510}.Debug|Any CPU.Build.0 = Debug|Any CPU
		{CC46F953-FB03-4EEF-A02B-84EE0A0B1510}.Release|Any CPU.ActiveCfg = Release|Any CPU
		{CC46F953-FB03-4EEF-A02B-84EE0A0B1510}.Release|Any CPU.Build.0 = Release|Any CPU
	EndGlobalSection
	GlobalSection(SolutionProperties) = preSolution
		HideSolutionNode = FALSE
	EndGlobalSection
	GlobalSection(ExtensibilityGlobals) = postSolution
		SolutionGuid = {AF8E6359-7B3E-4E22-8557-B98789C49432}
	EndGlobalSection
EndGlobal
